
Microsoft Visual Studio Solution File, Format Version 12.00
# Visual Studio Version 17
VisualStudioVersion = 17.10.35013.160
MinimumVisualStudioVersion = 10.0.40219.1
Project("{FAE04EC0-301F-11D3-BF4B-00C04F79EFBC}") = "NoteTaker", "NoteTaker\NoteTaker.csproj", "{8705F092-993B-4E44-81B0-CDDC25260AE4}"
EndProject
Global
	GlobalSection(SolutionConfigurationPlatforms) = preSolution
		Debug|Any CPU = Debug|Any CPU
		Release|Any CPU = Release|Any CPU
	EndGlobalSection
	GlobalSection(ProjectConfigurationPlatforms) = postSolution
		{8705F092-993B-4E44-81B0-CDDC25260AE4}.Debug|Any CPU.ActiveCfg = Debug|Any CPU
		{8705F092-993B-4E44-81B0-CDDC25260AE4}.Debug|Any CPU.Build.0 = Debug|Any CPU
		{8705F092-993B-4E44-81B0-CDDC25260AE4}.Release|Any CPU.ActiveCfg = Release|Any CPU
		{8705F092-993B-4E44-81B0-CDDC25260AE4}.Release|Any CPU.Build.0 = Release|Any CPU
	EndGlobalSection
	GlobalSection(SolutionProperties) = preSolution
		HideSolutionNode = FALSE
	EndGlobalSection
	GlobalSection(ExtensibilityGlobals) = postSolution
		SolutionGuid = {A726F44E-32FF-4AF4-9B9C-4C42F1451D65}
	EndGlobalSection
EndGlobal
